
Microsoft Visual Studio Solution File, Format Version 12.00
# Visual Studio Version 17
VisualStudioVersion = 17.0.31611.283
MinimumVisualStudioVersion = 10.0.40219.1
Project("{9A19103F-16F7-4668-BE54-9A1E7A4F7556}") = "Mogri", "Mogri\Mogri.csproj", "{6B64017A-5DA6-4589-955E-03FE010CA007}"
EndProject
Project("{FAE04EC0-301F-11D3-BF4B-00C04F79EFBC}") = "Mogri.Core", "Mogri.Core\Mogri.Core.csproj", "{5D952960-BCC6-45C6-9156-920241821CE3}"
EndProject
Project("{FAE04EC0-301F-11D3-BF4B-00C04F79EFBC}") = "Mogri.Tests", "Mogri.Tests\Mogri.Tests.csproj", "{CDC175C7-9CC9-48C3-BE38-7DD765803147}"
EndProject
Global
	GlobalSection(SolutionConfigurationPlatforms) = preSolution
		Debug|Any CPU = Debug|Any CPU
		Debug|x64 = Debug|x64
		Debug|x86 = Debug|x86
		Release|Any CPU = Release|Any CPU
		Release|x64 = Release|x64
		Release|x86 = Release|x86
	EndGlobalSection
	GlobalSection(ProjectConfigurationPlatforms) = postSolution
		{6B64017A-5DA6-4589-955E-03FE010CA007}.Debug|Any CPU.ActiveCfg = Debug|Any CPU
		{6B64017A-5DA6-4589-955E-03FE010CA007}.Debug|Any CPU.Build.0 = Debug|Any CPU
		{6B64017A-5DA6-4589-955E-03FE010CA007}.Debug|Any CPU.Deploy.0 = Debug|Any CPU
		{6B64017A-5DA6-4589-955E-03FE010CA007}.Debug|x64.ActiveCfg = Debug|Any CPU
		{6B64017A-5DA6-4589-955E-03FE010CA007}.Debug|x64.Build.0 = Debug|Any CPU
		{6B64017A-5DA6-4589-955E-03FE010CA007}.Debug|x86.ActiveCfg = Debug|Any CPU
		{6B64017A-5DA6-4589-955E-03FE010CA007}.Debug|x86.Build.0 = Debug|Any CPU
		{6B64017A-5DA6-4589-955E-03FE010CA007}.Release|Any CPU.ActiveCfg = Release|Any CPU
		{6B64017A-5DA6-4589-955E-03FE010CA007}.Release|Any CPU.Build.0 = Release|Any CPU
		{6B64017A-5DA6-4589-955E-03FE010CA007}.Release|Any CPU.Deploy.0 = Release|Any CPU
		{6B64017A-5DA6-4589-955E-03FE010CA007}.Release|x64.ActiveCfg = Release|Any CPU
		{6B64017A-5DA6-4589-955E-03FE010CA007}.Release|x64.Build.0 = Release|Any CPU
		{6B64017A-5DA6-4589-955E-03FE010CA007}.Release|x86.ActiveCfg = Release|Any CPU
		{6B64017A-5DA6-4589-955E-03FE010CA007}.Release|x86.Build.0 = Release|Any CPU
		{5D952960-BCC6-45C6-9156-920241821CE3}.Debug|Any CPU.ActiveCfg = Debug|Any CPU
		{5D952960-BCC6-45C6-9156-920241821CE3}.Debug|Any CPU.Build.0 = Debug|Any CPU
		{5D952960-BCC6-45C6-9156-920241821CE3}.Debug|x64.ActiveCfg = Debug|Any CPU
		{5D952960-BCC6-45C6-9156-920241821CE3}.Debug|x64.Build.0 = Debug|Any CPU
		{5D952960-BCC6-45C6-9156-920241821CE3}.Debug|x86.ActiveCfg = Debug|Any CPU
		{5D952960-BCC6-45C6-9156-920241821CE3}.Debug|x86.Build.0 = Debug|Any CPU
		{5D952960-BCC6-45C6-9156-920241821CE3}.Release|Any CPU.ActiveCfg = Release|Any CPU
		{5D952960-BCC6-45C6-9156-920241821CE3}.Release|Any CPU.Build.0 = Release|Any CPU
		{5D952960-BCC6-45C6-9156-920241821CE3}.Release|x64.ActiveCfg = Release|Any CPU
		{5D952960-BCC6-45C6-9156-920241821CE3}.Release|x64.Build.0 = Release|Any CPU
		{5D952960-BCC6-45C6-9156-920241821CE3}.Release|x86.ActiveCfg = Release|Any CPU
		{5D952960-BCC6-45C6-9156-920241821CE3}.Release|x86.Build.0 = Release|Any CPU
		{CDC175C7-9CC9-48C3-BE38-7DD765803147}.Debug|Any CPU.ActiveCfg = Debug|Any CPU
		{CDC175C7-9CC9-48C3-BE38-7DD765803147}.Debug|Any CPU.Build.0 = Debug|Any CPU
		{CDC175C7-9CC9-48C3-BE38-7DD765803147}.Debug|x64.ActiveCfg = Debug|Any CPU
		{CDC175C7-9CC9-48C3-BE38-7DD765803147}.Debug|x64.Build.0 = Debug|Any CPU
		{CDC175C7-9CC9-48C3-BE38-7DD765803147}.Debug|x86.ActiveCfg = Debug|Any CPU
		{CDC175C7-9CC9-48C3-BE38-7DD765803147}.Debug|x86.Build.0 = Debug|Any CPU
		{CDC175C7-9CC9-48C3-BE38-7DD765803147}.Release|Any CPU.ActiveCfg = Release|Any CPU
		{CDC175C7-9CC9-48C3-BE38-7DD765803147}.Release|Any CPU.Build.0 = Release|Any CPU
		{CDC175C7-9CC9-48C3-BE38-7DD765803147}.Release|x64.ActiveCfg = Release|Any CPU
		{CDC175C7-9CC9-48C3-BE38-7DD765803147}.Release|x64.Build.0 = Release|Any CPU
		{CDC175C7-9CC9-48C3-BE38-7DD765803147}.Release|x86.ActiveCfg = Release|Any CPU
		{CDC175C7-9CC9-48C3-BE38-7DD765803147}.Release|x86.Build.0 = Release|Any CPU
	EndGlobalSection
	GlobalSection(SolutionProperties) = preSolution
		HideSolutionNode = FALSE
	EndGlobalSection
	GlobalSection(ExtensibilityGlobals) = postSolution
		SolutionGuid = {61F7FB11-1E47-470C-91E2-47F8143E1572}
	EndGlobalSection
EndGlobal
